
Microsoft Visual Studio Solution File, Format Version 12.00
# Visual Studio 15
VisualStudioVersion = 15.0.28010.2016
MinimumVisualStudioVersion = 10.0.40219.1
Project("{9A19103F-16F7-4668-BE54-9A1E7A4F7556}") = "NugetTest", "NugetTest\NugetTest.csproj", "{DB583FF9-B8B4-4C54-998C-8278D804CC79}"
EndProject
Global
	GlobalSection(SolutionConfigurationPlatforms) = preSolution
		Debug|Any CPU = Debug|Any CPU
		Release|Any CPU = Release|Any CPU
	EndGlobalSection
	GlobalSection(ProjectConfigurationPlatforms) = postSolution
		{DB583FF9-B8B4-4C54-998C-8278D804CC79}.Debug|Any CPU.ActiveCfg = Debug|Any CPU
		{DB583FF9-B8B4-4C54-998C-8278D804CC79}.Debug|Any CPU.Build.0 = Debug|Any CPU
		{DB583FF9-B8B4-4C54-998C-8278D804CC79}.Release|Any CPU.ActiveCfg = Release|Any CPU
		{DB583FF9-B8B4-4C54-998C-8278D804CC79}.Release|Any CPU.Build.0 = Release|Any CPU
	EndGlobalSection
	GlobalSection(SolutionProperties) = preSolution
		HideSolutionNode = FALSE
	EndGlobalSection
	GlobalSection(ExtensibilityGlobals) = postSolution
		SolutionGuid = {CDF9A1B5-C908-425D-8D52-D1A7217CBE5E}
	EndGlobalSection
	GlobalSection(AutomaticVersions) = postSolution
		UpdateAssemblyVersion = True
		UpdateAssemblyFileVersion = True
		UpdateAssemblyInfoVersion = False
		ShouldCreateLogs = True
		AssemblyVersionSettings = IncrementOnDemand.IncrementOnDemand.None.None
		AssemblyFileVersionSettings = IncrementOnDemand.IncrementOnDemand.IncrementWithResetOnIncrease.None
		UpdatePackageVersion = False
		AssemblyInfoVersionType = SettingsVersion
		InheritWinAppVersionFrom = None
	EndGlobalSection
EndGlobal
